{
  "originHash" : "a292f79ec999a223221ad239e71d42d16ba420984aebe5d941670e228caec13f",
  "pins" : [
    {
      "identity" : "plzmasdk",
      "kind" : "remoteSourceControl",
      "location" : "https://github.com/OlehKulykov/PLzmaSDK.git",
      "state" : {
        "revision" : "0301b394eefc3e1a75a60e239c30143b36afc0ec",
        "version" : "1.6.0"
      }
    },
    {
      "identity" : "ziparchive",
      "kind" : "remoteSourceControl",
      "location" : "https://github.com/ZipArchive/ZipArchive.git",
      "state" : {
        "revision" : "df35718ea19a94e015b91dc4881dee028ce4cdba"
      }
    }
  ],
  "version" : 3
}
